// !$*UTF8*$!
{
	archiveVersion = 1;
	classes = {
	};
	objectVersion = 50;
	objects = {

/* Begin PBXGroup section */
		F31FE8CD23CFD5AF00B70FBE = {
			isa = PBXGroup;
			children = (
			);
			sourceTree = "<group>";
		};
/* End PBXGroup section */

/* Begin PBXProject section */
		F31FE8CE23CFD5AF00B70FBE /* Project object */ = {
			isa = PBXProject;
			attributes = {
				LastUpgradeCheck = 1130;
			};
			buildConfigurationList = F31FE8D123CFD5AF00B70FBE /* Build configuration list for PBXProject "CS476" */;
			compatibilityVersion = "Xcode 9.3";
			developmentRegion = en;
			hasScannedForEncodings = 0;
			knownRegions = (
				en,
				Base,
			);
			mainGroup = F31FE8CD23CFD5AF00B70FBE;
			projectDirPath = "";
			projectRoot = "";
			targets = (
			);
		};
/* End PBXProject section */

/* Begin XCBuildConfiguration section */
		F31FE8D223CFD5AF00B70FBE /* Debug */ = {
			isa = XCBuildConfiguration;
			buildSettings = {
			};
			name = Debug;
		};
		F31FE8D323CFD5AF00B70FBE /* Release */ = {
			isa = XCBuildConfiguration;
			buildSettings = {
			};
			name = Release;
		};
/* End XCBuildConfiguration section */

/* Begin XCConfigurationList section */
		F31FE8D123CFD5AF00B70FBE /* Build configuration list for PBXProject "CS476" */ = {
			isa = XCConfigurationList;
			buildConfigurations = (
				F31FE8D223CFD5AF00B70FBE /* Debug */,
				F31FE8D323CFD5AF00B70FBE /* Release */,
			);
			defaultConfigurationIsVisible = 0;
			defaultConfigurationName = Release;
		};
/* End XCConfigurationList section */
	};
	rootObject = F31FE8CE23CFD5AF00B70FBE /* Project object */;
}
